{
  "name": "xilo",
  "version": "0.0.3",
  "lockfileVersion": 2,
  "requires": true,
  "packages": {
    "": {
      "name": "xilo",
      "version": "0.0.3",
      "license": "GPL-3.0",
      "dependencies": {
        "chalk": "^5.1.2",
        "commander": "^9.4.1",
        "tree-kill": "^1.2.2"
      },
      "bin": {
        "xilo": "build/bin/cli/bin.js"
      },
      "devDependencies": {
        "@types/node": "^18.11.9"
      }
    },
    "node_modules/@types/node": {
      "version": "18.11.9",
      "dev": true,
      "license": "MIT"
    },
    "node_modules/chalk": {
      "version": "5.1.2",
      "license": "MIT",
      "engines": {
        "node": "^12.17.0 || ^14.13 || >=16.0.0"
      },
      "funding": {
        "url": "https://github.com/chalk/chalk?sponsor=1"
      }
    },
    "node_modules/commander": {
      "version": "9.4.1",
      "license": "MIT",
      "engines": {
        "node": "^12.20.0 || >=14"
      }
    },
    "node_modules/tree-kill": {
      "version": "1.2.2",
      "license": "MIT",
      "bin": {
        "tree-kill": "cli.js"
      }
    }
  },
  "dependencies": {
    "@types/node": {
      "version": "18.11.9",
      "dev": true
    },
    "chalk": {
      "version": "5.1.2"
    },
    "commander": {
      "version": "9.4.1"
    },
    "tree-kill": {
      "version": "1.2.2"
    }
  }
}
